
Microsoft Visual Studio Solution File, Format Version 12.00
# Visual Studio Version 16
VisualStudioVersion = 16.0.30611.23
MinimumVisualStudioVersion = 10.0.40219.1
Project("{FAE04EC0-301F-11D3-BF4B-00C04F79EFBC}") = "LinkedList", "LinkedList\LinkedList.csproj", "{8A6A635F-0E2B-40BF-B07B-E52C883FCDC9}"
EndProject
Global
	GlobalSection(SolutionConfigurationPlatforms) = preSolution
		Debug|Any CPU = Debug|Any CPU
		Release|Any CPU = Release|Any CPU
	EndGlobalSection
	GlobalSection(ProjectConfigurationPlatforms) = postSolution
		{8A6A635F-0E2B-40BF-B07B-E52C883FCDC9}.Debug|Any CPU.ActiveCfg = Debug|Any CPU
		{8A6A635F-0E2B-40BF-B07B-E52C883FCDC9}.Debug|Any CPU.Build.0 = Debug|Any CPU
		{8A6A635F-0E2B-40BF-B07B-E52C883FCDC9}.Release|Any CPU.ActiveCfg = Release|Any CPU
		{8A6A635F-0E2B-40BF-B07B-E52C883FCDC9}.Release|Any CPU.Build.0 = Release|Any CPU
	EndGlobalSection
	GlobalSection(SolutionProperties) = preSolution
		HideSolutionNode = FALSE
	EndGlobalSection
	GlobalSection(ExtensibilityGlobals) = postSolution
		SolutionGuid = {EF55E483-E6D4-4377-8B9B-4833A6ECCB25}
	EndGlobalSection
EndGlobal
